
Microsoft Visual Studio Solution File, Format Version 12.00
# Visual Studio Version 16
VisualStudioVersion = 16.0.30225.117
MinimumVisualStudioVersion = 10.0.40219.1
Project("{9A19103F-16F7-4668-BE54-9A1E7A4F7556}") = "Blackjack", "Blackjack.csproj", "{B180A405-5B53-4202-B913-41A6A26DD93F}"
EndProject
Project("{9A19103F-16F7-4668-BE54-9A1E7A4F7556}") = "WpfLibrary1", "..\WpfLibrary1\WpfLibrary1.csproj", "{E876E434-F405-41CB-8DC8-0E1A8B737359}"
EndProject
Global
	GlobalSection(SolutionConfigurationPlatforms) = preSolution
		Debug|Any CPU = Debug|Any CPU
		Release|Any CPU = Release|Any CPU
	EndGlobalSection
	GlobalSection(ProjectConfigurationPlatforms) = postSolution
		{B180A405-5B53-4202-B913-41A6A26DD93F}.Debug|Any CPU.ActiveCfg = Debug|Any CPU
		{B180A405-5B53-4202-B913-41A6A26DD93F}.Debug|Any CPU.Build.0 = Debug|Any CPU
		{B180A405-5B53-4202-B913-41A6A26DD93F}.Release|Any CPU.ActiveCfg = Release|Any CPU
		{B180A405-5B53-4202-B913-41A6A26DD93F}.Release|Any CPU.Build.0 = Release|Any CPU
		{E876E434-F405-41CB-8DC8-0E1A8B737359}.Debug|Any CPU.ActiveCfg = Debug|Any CPU
		{E876E434-F405-41CB-8DC8-0E1A8B737359}.Debug|Any CPU.Build.0 = Debug|Any CPU
		{E876E434-F405-41CB-8DC8-0E1A8B737359}.Release|Any CPU.ActiveCfg = Release|Any CPU
		{E876E434-F405-41CB-8DC8-0E1A8B737359}.Release|Any CPU.Build.0 = Release|Any CPU
	EndGlobalSection
	GlobalSection(SolutionProperties) = preSolution
		HideSolutionNode = FALSE
	EndGlobalSection
	GlobalSection(ExtensibilityGlobals) = postSolution
		SolutionGuid = {A165739A-2CE1-419F-A3B6-EBB907BBBBCF}
	EndGlobalSection
EndGlobal
